
Microsoft Visual Studio Solution File, Format Version 12.00
# Visual Studio Version 16
VisualStudioVersion = 25.0.1700.0
MinimumVisualStudioVersion = 10.0.40219.1
Project("{FAE04EC0-301F-11D3-BF4B-00C04F79EFBC}") = "visma_meeting_manager", "visma_meeting_manager\visma_meeting_manager.csproj", "{6B47B9EE-A5A7-438C-AFF5-98541939D476}"
EndProject
Project("{FAE04EC0-301F-11D3-BF4B-00C04F79EFBC}") = "class_library", "class_library\class_library.csproj", "{A15987FB-59EC-4C36-8EAC-D59CEE6970F3}"
EndProject
Global
	GlobalSection(SolutionConfigurationPlatforms) = preSolution
		Debug|Any CPU = Debug|Any CPU
		Release|Any CPU = Release|Any CPU
	EndGlobalSection
	GlobalSection(ProjectConfigurationPlatforms) = postSolution
		{6B47B9EE-A5A7-438C-AFF5-98541939D476}.Debug|Any CPU.ActiveCfg = Debug|Any CPU
		{6B47B9EE-A5A7-438C-AFF5-98541939D476}.Debug|Any CPU.Build.0 = Debug|Any CPU
		{6B47B9EE-A5A7-438C-AFF5-98541939D476}.Release|Any CPU.ActiveCfg = Release|Any CPU
		{6B47B9EE-A5A7-438C-AFF5-98541939D476}.Release|Any CPU.Build.0 = Release|Any CPU
		{A15987FB-59EC-4C36-8EAC-D59CEE6970F3}.Debug|Any CPU.ActiveCfg = Debug|Any CPU
		{A15987FB-59EC-4C36-8EAC-D59CEE6970F3}.Debug|Any CPU.Build.0 = Debug|Any CPU
		{A15987FB-59EC-4C36-8EAC-D59CEE6970F3}.Release|Any CPU.ActiveCfg = Release|Any CPU
		{A15987FB-59EC-4C36-8EAC-D59CEE6970F3}.Release|Any CPU.Build.0 = Release|Any CPU
	EndGlobalSection
	GlobalSection(SolutionProperties) = preSolution
		HideSolutionNode = FALSE
	EndGlobalSection
	GlobalSection(ExtensibilityGlobals) = postSolution
		SolutionGuid = {41C6A32A-6581-4B9A-9257-096102A8B30D}
	EndGlobalSection
EndGlobal
